
Microsoft Visual Studio Solution File, Format Version 12.00
# Visual Studio Version 16
VisualStudioVersion = 16.0.32126.315
MinimumVisualStudioVersion = 10.0.40219.1
Project("{9A19103F-16F7-4668-BE54-9A1E7A4F7556}") = "DonationNation", "DonationNation\DonationNation.csproj", "{68260185-8E18-4824-B4B7-318F8EC745DB}"
EndProject
Project("{9A19103F-16F7-4668-BE54-9A1E7A4F7556}") = "DonationNation.Communication", "DonationNation.Communication\DonationNation.Communication.csproj", "{D317C4F0-C66E-4E62-9ACA-CBBDF9111575}"
EndProject
Project("{9A19103F-16F7-4668-BE54-9A1E7A4F7556}") = "DonationNation.Data", "DonationNation.Data\DonationNation.Data.csproj", "{55D8BE89-2C58-4235-B591-B9A816A9226E}"
EndProject
Project("{9A19103F-16F7-4668-BE54-9A1E7A4F7556}") = "DonationNation.S3", "DonationNation.S3\DonationNation.S3.csproj", "{D8E52080-D2A7-466A-988F-B68C593EEC1A}"
EndProject
Global
	GlobalSection(SolutionConfigurationPlatforms) = preSolution
		Debug|Any CPU = Debug|Any CPU
		Release|Any CPU = Release|Any CPU
	EndGlobalSection
	GlobalSection(ProjectConfigurationPlatforms) = postSolution
		{68260185-8E18-4824-B4B7-318F8EC745DB}.Debug|Any CPU.ActiveCfg = Debug|Any CPU
		{68260185-8E18-4824-B4B7-318F8EC745DB}.Debug|Any CPU.Build.0 = Debug|Any CPU
		{68260185-8E18-4824-B4B7-318F8EC745DB}.Release|Any CPU.ActiveCfg = Release|Any CPU
		{68260185-8E18-4824-B4B7-318F8EC745DB}.Release|Any CPU.Build.0 = Release|Any CPU
		{D317C4F0-C66E-4E62-9ACA-CBBDF9111575}.Debug|Any CPU.ActiveCfg = Debug|Any CPU
		{D317C4F0-C66E-4E62-9ACA-CBBDF9111575}.Debug|Any CPU.Build.0 = Debug|Any CPU
		{D317C4F0-C66E-4E62-9ACA-CBBDF9111575}.Release|Any CPU.ActiveCfg = Release|Any CPU
		{D317C4F0-C66E-4E62-9ACA-CBBDF9111575}.Release|Any CPU.Build.0 = Release|Any CPU
		{55D8BE89-2C58-4235-B591-B9A816A9226E}.Debug|Any CPU.ActiveCfg = Debug|Any CPU
		{55D8BE89-2C58-4235-B591-B9A816A9226E}.Debug|Any CPU.Build.0 = Debug|Any CPU
		{55D8BE89-2C58-4235-B591-B9A816A9226E}.Release|Any CPU.ActiveCfg = Release|Any CPU
		{55D8BE89-2C58-4235-B591-B9A816A9226E}.Release|Any CPU.Build.0 = Release|Any CPU
		{D8E52080-D2A7-466A-988F-B68C593EEC1A}.Debug|Any CPU.ActiveCfg = Debug|Any CPU
		{D8E52080-D2A7-466A-988F-B68C593EEC1A}.Debug|Any CPU.Build.0 = Debug|Any CPU
		{D8E52080-D2A7-466A-988F-B68C593EEC1A}.Release|Any CPU.ActiveCfg = Release|Any CPU
		{D8E52080-D2A7-466A-988F-B68C593EEC1A}.Release|Any CPU.Build.0 = Release|Any CPU
	EndGlobalSection
	GlobalSection(SolutionProperties) = preSolution
		HideSolutionNode = FALSE
	EndGlobalSection
	GlobalSection(ExtensibilityGlobals) = postSolution
		SolutionGuid = {FFBAE89C-155A-4ED8-91FE-536E7C8600EC}
	EndGlobalSection
EndGlobal
